
Microsoft Visual Studio Solution File, Format Version 12.00
# Visual Studio Version 17
VisualStudioVersion = 17.11.35327.3
MinimumVisualStudioVersion = 10.0.40219.1
Project("{FAE04EC0-301F-11D3-BF4B-00C04F79EFBC}") = "academic-training-center.Server", "academic-training-center.Server\academic-training-center.Server.csproj", "{D9DC3435-9651-4EC1-BE6E-46DD7A7BD6F4}"
EndProject
Project("{54A90642-561A-4BB1-A94E-469ADEE60C69}") = "academic-training-center.client", "academic-training-center.client\academic-training-center.client.esproj", "{1378165E-234C-47B0-BDF2-959E1DC090D7}"
EndProject
Global
	GlobalSection(SolutionConfigurationPlatforms) = preSolution
		Debug|Any CPU = Debug|Any CPU
		Release|Any CPU = Release|Any CPU
	EndGlobalSection
	GlobalSection(ProjectConfigurationPlatforms) = postSolution
		{D9DC3435-9651-4EC1-BE6E-46DD7A7BD6F4}.Debug|Any CPU.ActiveCfg = Debug|Any CPU
		{D9DC3435-9651-4EC1-BE6E-46DD7A7BD6F4}.Debug|Any CPU.Build.0 = Debug|Any CPU
		{D9DC3435-9651-4EC1-BE6E-46DD7A7BD6F4}.Release|Any CPU.ActiveCfg = Release|Any CPU
		{D9DC3435-9651-4EC1-BE6E-46DD7A7BD6F4}.Release|Any CPU.Build.0 = Release|Any CPU
		{1378165E-234C-47B0-BDF2-959E1DC090D7}.Debug|Any CPU.ActiveCfg = Debug|Any CPU
		{1378165E-234C-47B0-BDF2-959E1DC090D7}.Debug|Any CPU.Build.0 = Debug|Any CPU
		{1378165E-234C-47B0-BDF2-959E1DC090D7}.Debug|Any CPU.Deploy.0 = Debug|Any CPU
		{1378165E-234C-47B0-BDF2-959E1DC090D7}.Release|Any CPU.ActiveCfg = Release|Any CPU
		{1378165E-234C-47B0-BDF2-959E1DC090D7}.Release|Any CPU.Build.0 = Release|Any CPU
		{1378165E-234C-47B0-BDF2-959E1DC090D7}.Release|Any CPU.Deploy.0 = Release|Any CPU
	EndGlobalSection
	GlobalSection(SolutionProperties) = preSolution
		HideSolutionNode = FALSE
	EndGlobalSection
	GlobalSection(ExtensibilityGlobals) = postSolution
		SolutionGuid = {C7067F27-A49F-48C8-B6A9-8BB27BA2DDE4}
	EndGlobalSection
EndGlobal
